{
  "name": "proxy-server",
  "version": "1.0.0",
  "lockfileVersion": 3,
  "requires": true,
  "packages": {
    "": {
      "name": "proxy-server",
      "version": "1.0.0",
      "license": "ISC",
      "dependencies": {
        "socksv5": "^0.0.6"
      }
    },
    "node_modules/socksv5": {
      "version": "0.0.6",
      "resolved": "https://registry.npmjs.org/socksv5/-/socksv5-0.0.6.tgz",
      "integrity": "sha512-tQpQ0MdNQAsQBDhCXy3OvGGJikh9QOl3PkbwT4POJiQCm/fK4z9AxKQQRG8WLeF6talphnPrSWiZRpTl42rApg==",
      "bundleDependencies": [
        "ipv6"
      ],
      "dependencies": {
        "ipv6": "*"
      },
      "engines": {
        "node": ">=0.10.0"
      }
    },
    "node_modules/socksv5/node_modules/ipv6": {
      "version": "3.1.1",
      "inBundle": true,
      "license": "MIT",
      "dependencies": {
        "cli": "0.4.x",
        "cliff": "0.1.x",
        "sprintf": "0.1.x"
      },
      "bin": {
        "ipv6": "bin/ipv6.js",
        "ipv6grep": "bin/ipv6grep.js"
      },
      "engines": {
        "node": "*"
      }
    },
    "node_modules/socksv5/node_modules/ipv6/node_modules/sprintf": {
      "version": "0.1.3",
      "inBundle": true,
      "engines": {
        "node": ">=0.2.4"
      }
    }
  }
}
